
Microsoft Visual Studio Solution File, Format Version 12.00
# Visual Studio Version 17
VisualStudioVersion = 17.2.32526.322
MinimumVisualStudioVersion = 10.0.40219.1
Project("{FAE04EC0-301F-11D3-BF4B-00C04F79EFBC}") = "WebApi-Service-Principal-test", "WebApi-Service-Principal-test\WebApi-Service-Principal-test.csproj", "{0D27C65E-7389-4964-9EA4-946927A0DF98}"
EndProject
Project("{2150E333-8FDC-42A3-9474-1A3956D46DE8}") = "Solution Items", "Solution Items", "{0A978FC1-A629-458E-A5F2-524666B62F85}"
	ProjectSection(SolutionItems) = preProject
		.editorconfig = .editorconfig
	EndProjectSection
EndProject
Global
	GlobalSection(SolutionConfigurationPlatforms) = preSolution
		Debug|Any CPU = Debug|Any CPU
		Release|Any CPU = Release|Any CPU
	EndGlobalSection
	GlobalSection(ProjectConfigurationPlatforms) = postSolution
		{0D27C65E-7389-4964-9EA4-946927A0DF98}.Debug|Any CPU.ActiveCfg = Debug|Any CPU
		{0D27C65E-7389-4964-9EA4-946927A0DF98}.Debug|Any CPU.Build.0 = Debug|Any CPU
		{0D27C65E-7389-4964-9EA4-946927A0DF98}.Release|Any CPU.ActiveCfg = Release|Any CPU
		{0D27C65E-7389-4964-9EA4-946927A0DF98}.Release|Any CPU.Build.0 = Release|Any CPU
	EndGlobalSection
	GlobalSection(SolutionProperties) = preSolution
		HideSolutionNode = FALSE
	EndGlobalSection
	GlobalSection(ExtensibilityGlobals) = postSolution
		SolutionGuid = {7692802B-801D-43B8-8FEE-7B9303CA6A4D}
	EndGlobalSection
EndGlobal
